{
  "version": 4,
  "terraform_version": "1.1.8",
  "serial": 365,
  "lineage": "3ac4b7d0-f983-032b-bc41-272362556ed7",
  "outputs": {
    "public_ip": {
      "value": [
        {
          "public-1a": {
            "address": null,
            "allocation_id": "eipalloc-0a6cbcc323439935b",
            "associate_with_private_ip": null,
            "association_id": "eipassoc-08eb2f20207f40cf4",
            "carrier_ip": "",
            "customer_owned_ip": "",
            "customer_owned_ipv4_pool": "",
            "domain": "vpc",
            "id": "eipalloc-0a6cbcc323439935b",
            "instance": "i-06833a5b0eb42bb5e",
            "network_border_group": "ap-northeast-1",
            "network_interface": "eni-0f253e68e7186d155",
            "private_dns": "ip-10-0-10-182.ap-northeast-1.compute.internal",
            "private_ip": "10.0.10.182",
            "public_dns": "ec2-13-230-219-240.ap-northeast-1.compute.amazonaws.com",
            "public_ip": "13.230.219.240",
            "public_ipv4_pool": "amazon",
            "tags": null,
            "tags_all": {},
            "timeouts": null,
            "vpc": true
          },
          "public-1c": {
            "address": null,
            "allocation_id": "eipalloc-0f2984c3bd2b6f290",
            "associate_with_private_ip": null,
            "association_id": "eipassoc-03fae5c1e573b38cf",
            "carrier_ip": "",
            "customer_owned_ip": "",
            "customer_owned_ipv4_pool": "",
            "domain": "vpc",
            "id": "eipalloc-0f2984c3bd2b6f290",
            "instance": "i-0cfda7394e059622b",
            "network_border_group": "ap-northeast-1",
            "network_interface": "eni-0e958b112feed0f78",
            "private_dns": "ip-10-0-30-62.ap-northeast-1.compute.internal",
            "private_ip": "10.0.30.62",
            "public_dns": "ec2-35-72-111-221.ap-northeast-1.compute.amazonaws.com",
            "public_ip": "35.72.111.221",
            "public_ipv4_pool": "amazon",
            "tags": null,
            "tags_all": {},
            "timeouts": null,
            "vpc": true
          }
        }
      ],
      "type": [
        "tuple",
        [
          [
            "object",
            {
              "public-1a": [
                "object",
                {
                  "address": "string",
                  "allocation_id": "string",
                  "associate_with_private_ip": "string",
                  "association_id": "string",
                  "carrier_ip": "string",
                  "customer_owned_ip": "string",
                  "customer_owned_ipv4_pool": "string",
                  "domain": "string",
                  "id": "string",
                  "instance": "string",
                  "network_border_group": "string",
                  "network_interface": "string",
                  "private_dns": "string",
                  "private_ip": "string",
                  "public_dns": "string",
                  "public_ip": "string",
                  "public_ipv4_pool": "string",
                  "tags": [
                    "map",
                    "string"
                  ],
                  "tags_all": [
                    "map",
                    "string"
                  ],
                  "timeouts": [
                    "object",
                    {
                      "delete": "string",
                      "read": "string",
                      "update": "string"
                    }
                  ],
                  "vpc": "bool"
                }
              ],
              "public-1c": [
                "object",
                {
                  "address": "string",
                  "allocation_id": "string",
                  "associate_with_private_ip": "string",
                  "association_id": "string",
                  "carrier_ip": "string",
                  "customer_owned_ip": "string",
                  "customer_owned_ipv4_pool": "string",
                  "domain": "string",
                  "id": "string",
                  "instance": "string",
                  "network_border_group": "string",
                  "network_interface": "string",
                  "private_dns": "string",
                  "private_ip": "string",
                  "public_dns": "string",
                  "public_ip": "string",
                  "public_ipv4_pool": "string",
                  "tags": [
                    "map",
                    "string"
                  ],
                  "tags_all": [
                    "map",
                    "string"
                  ],
                  "timeouts": [
                    "object",
                    {
                      "delete": "string",
                      "read": "string",
                      "update": "string"
                    }
                  ],
                  "vpc": "bool"
                }
              ]
            }
          ]
        ]
      ]
    }
  },
  "resources": [
    {
      "mode": "managed",
      "type": "aws_eip",
      "name": "eip",
      "provider": "provider[\"registry.terraform.io/hashicorp/aws\"]",
      "instances": [
        {
          "index_key": "public-1a",
          "schema_version": 0,
          "attributes": {
            "address": null,
            "allocation_id": "eipalloc-0a6cbcc323439935b",
            "associate_with_private_ip": null,
            "association_id": "eipassoc-08eb2f20207f40cf4",
            "carrier_ip": "",
            "customer_owned_ip": "",
            "customer_owned_ipv4_pool": "",
            "domain": "vpc",
            "id": "eipalloc-0a6cbcc323439935b",
            "instance": "i-06833a5b0eb42bb5e",
            "network_border_group": "ap-northeast-1",
            "network_interface": "eni-0f253e68e7186d155",
            "private_dns": "ip-10-0-10-182.ap-northeast-1.compute.internal",
            "private_ip": "10.0.10.182",
            "public_dns": "ec2-13-230-219-240.ap-northeast-1.compute.amazonaws.com",
            "public_ip": "13.230.219.240",
            "public_ipv4_pool": "amazon",
            "tags": null,
            "tags_all": {},
            "timeouts": null,
            "vpc": true
          },
          "sensitive_attributes": [],
          "private": "eyJlMmJmYjczMC1lY2FhLTExZTYtOGY4OC0zNDM2M2JjN2M0YzAiOnsiZGVsZXRlIjoxODAwMDAwMDAwMDAsInJlYWQiOjkwMDAwMDAwMDAwMCwidXBkYXRlIjozMDAwMDAwMDAwMDB9fQ==",
          "dependencies": [
            "aws_instance.ec2-instance",
            "aws_key_pair.key",
            "aws_security_group.common",
            "aws_security_group.ec2",
            "aws_subnet.public-subnets",
            "aws_vpc.vpc"
          ]
        },
        {
          "index_key": "public-1c",
          "schema_version": 0,
          "attributes": {
            "address": null,
            "allocation_id": "eipalloc-0f2984c3bd2b6f290",
            "associate_with_private_ip": null,
            "association_id": "eipassoc-03fae5c1e573b38cf",
            "carrier_ip": "",
            "customer_owned_ip": "",
            "customer_owned_ipv4_pool": "",
            "domain": "vpc",
            "id": "eipalloc-0f2984c3bd2b6f290",
            "instance": "i-0cfda7394e059622b",
            "network_border_group": "ap-northeast-1",
            "network_interface": "eni-0e958b112feed0f78",
            "private_dns": "ip-10-0-30-62.ap-northeast-1.compute.internal",
            "private_ip": "10.0.30.62",
            "public_dns": "ec2-35-72-111-221.ap-northeast-1.compute.amazonaws.com",
            "public_ip": "35.72.111.221",
            "public_ipv4_pool": "amazon",
            "tags": null,
            "tags_all": {},
            "timeouts": null,
            "vpc": true
          },
          "sensitive_attributes": [],
          "private": "eyJlMmJmYjczMC1lY2FhLTExZTYtOGY4OC0zNDM2M2JjN2M0YzAiOnsiZGVsZXRlIjoxODAwMDAwMDAwMDAsInJlYWQiOjkwMDAwMDAwMDAwMCwidXBkYXRlIjozMDAwMDAwMDAwMDB9fQ==",
          "dependencies": [
            "aws_instance.ec2-instance",
            "aws_key_pair.key",
            "aws_security_group.common",
            "aws_security_group.ec2",
            "aws_subnet.public-subnets",
            "aws_vpc.vpc"
          ]
        }
      ]
    },
    {
      "mode": "managed",
      "type": "aws_instance",
      "name": "ec2-instance",
      "provider": "provider[\"registry.terraform.io/hashicorp/aws\"]",
      "instances": [
        {
          "index_key": "public-1a",
          "schema_version": 1,
          "attributes": {
            "ami": "ami-0bba69335379e17f8",
            "arn": "arn:aws:ec2:ap-northeast-1:482122962623:instance/i-06833a5b0eb42bb5e",
            "associate_public_ip_address": false,
            "availability_zone": "ap-northeast-1a",
            "capacity_reservation_specification": [
              {
                "capacity_reservation_preference": "open",
                "capacity_reservation_target": []
              }
            ],
            "cpu_core_count": 1,
            "cpu_threads_per_core": 2,
            "credit_specification": [
              {
                "cpu_credits": "unlimited"
              }
            ],
            "disable_api_stop": false,
            "disable_api_termination": false,
            "ebs_block_device": [],
            "ebs_optimized": false,
            "enclave_options": [
              {
                "enabled": false
              }
            ],
            "ephemeral_block_device": [],
            "get_password_data": false,
            "hibernation": false,
            "host_id": null,
            "host_resource_group_arn": null,
            "iam_instance_profile": "",
            "id": "i-06833a5b0eb42bb5e",
            "instance_initiated_shutdown_behavior": "stop",
            "instance_state": "running",
            "instance_type": "t3.micro",
            "ipv6_address_count": 0,
            "ipv6_addresses": [],
            "key_name": "example",
            "launch_template": [],
            "maintenance_options": [
              {
                "auto_recovery": "default"
              }
            ],
            "metadata_options": [
              {
                "http_endpoint": "enabled",
                "http_put_response_hop_limit": 1,
                "http_tokens": "optional",
                "instance_metadata_tags": "disabled"
              }
            ],
            "monitoring": false,
            "network_interface": [],
            "outpost_arn": "",
            "password_data": "",
            "placement_group": "",
            "placement_partition_number": null,
            "primary_network_interface_id": "eni-0f253e68e7186d155",
            "private_dns": "ip-10-0-10-182.ap-northeast-1.compute.internal",
            "private_dns_name_options": [
              {
                "enable_resource_name_dns_a_record": false,
                "enable_resource_name_dns_aaaa_record": false,
                "hostname_type": "ip-name"
              }
            ],
            "private_ip": "10.0.10.182",
            "public_dns": "",
            "public_ip": "",
            "root_block_device": [
              {
                "delete_on_termination": true,
                "device_name": "/dev/xvda",
                "encrypted": false,
                "iops": 300,
                "kms_key_id": "",
                "tags": null,
                "throughput": 0,
                "volume_id": "vol-0aaa7546bba78e297",
                "volume_size": 100,
                "volume_type": "gp2"
              }
            ],
            "secondary_private_ips": [],
            "security_groups": [],
            "source_dest_check": true,
            "subnet_id": "subnet-0b3d044ba1b472c5b",
            "tags": {
              "Name": "example-stg-web01"
            },
            "tags_all": {
              "Name": "example-stg-web01"
            },
            "tenancy": "default",
            "timeouts": null,
            "user_data": null,
            "user_data_base64": null,
            "user_data_replace_on_change": false,
            "volume_tags": null,
            "vpc_security_group_ids": [
              "sg-0d6698194c312191a",
              "sg-0f7a24240ecf93ebe"
            ]
          },
          "sensitive_attributes": [],
          "private": "eyJlMmJmYjczMC1lY2FhLTExZTYtOGY4OC0zNDM2M2JjN2M0YzAiOnsiY3JlYXRlIjo2MDAwMDAwMDAwMDAsImRlbGV0ZSI6MTIwMDAwMDAwMDAwMCwidXBkYXRlIjo2MDAwMDAwMDAwMDB9LCJzY2hlbWFfdmVyc2lvbiI6IjEifQ==",
          "dependencies": [
            "aws_key_pair.key",
            "aws_security_group.common",
            "aws_security_group.ec2",
            "aws_subnet.public-subnets",
            "aws_vpc.vpc"
          ]
        },
        {
          "index_key": "public-1c",
          "schema_version": 1,
          "attributes": {
            "ami": "ami-0bba69335379e17f8",
            "arn": "arn:aws:ec2:ap-northeast-1:482122962623:instance/i-0cfda7394e059622b",
            "associate_public_ip_address": false,
            "availability_zone": "ap-northeast-1c",
            "capacity_reservation_specification": [
              {
                "capacity_reservation_preference": "open",
                "capacity_reservation_target": []
              }
            ],
            "cpu_core_count": 1,
            "cpu_threads_per_core": 2,
            "credit_specification": [
              {
                "cpu_credits": "unlimited"
              }
            ],
            "disable_api_stop": false,
            "disable_api_termination": false,
            "ebs_block_device": [],
            "ebs_optimized": false,
            "enclave_options": [
              {
                "enabled": false
              }
            ],
            "ephemeral_block_device": [],
            "get_password_data": false,
            "hibernation": false,
            "host_id": null,
            "host_resource_group_arn": null,
            "iam_instance_profile": "",
            "id": "i-0cfda7394e059622b",
            "instance_initiated_shutdown_behavior": "stop",
            "instance_state": "running",
            "instance_type": "t3.micro",
            "ipv6_address_count": 0,
            "ipv6_addresses": [],
            "key_name": "example",
            "launch_template": [],
            "maintenance_options": [
              {
                "auto_recovery": "default"
              }
            ],
            "metadata_options": [
              {
                "http_endpoint": "enabled",
                "http_put_response_hop_limit": 1,
                "http_tokens": "optional",
                "instance_metadata_tags": "disabled"
              }
            ],
            "monitoring": false,
            "network_interface": [],
            "outpost_arn": "",
            "password_data": "",
            "placement_group": "",
            "placement_partition_number": null,
            "primary_network_interface_id": "eni-0e958b112feed0f78",
            "private_dns": "ip-10-0-30-62.ap-northeast-1.compute.internal",
            "private_dns_name_options": [
              {
                "enable_resource_name_dns_a_record": false,
                "enable_resource_name_dns_aaaa_record": false,
                "hostname_type": "ip-name"
              }
            ],
            "private_ip": "10.0.30.62",
            "public_dns": "",
            "public_ip": "",
            "root_block_device": [
              {
                "delete_on_termination": true,
                "device_name": "/dev/xvda",
                "encrypted": false,
                "iops": 300,
                "kms_key_id": "",
                "tags": null,
                "throughput": 0,
                "volume_id": "vol-09c29e62b08d88651",
                "volume_size": 100,
                "volume_type": "gp2"
              }
            ],
            "secondary_private_ips": [],
            "security_groups": [],
            "source_dest_check": true,
            "subnet_id": "subnet-0e455d15ab5e2d26a",
            "tags": {
              "Name": "example-stg-web01"
            },
            "tags_all": {
              "Name": "example-stg-web01"
            },
            "tenancy": "default",
            "timeouts": null,
            "user_data": null,
            "user_data_base64": null,
            "user_data_replace_on_change": false,
            "volume_tags": null,
            "vpc_security_group_ids": [
              "sg-0d6698194c312191a",
              "sg-0f7a24240ecf93ebe"
            ]
          },
          "sensitive_attributes": [],
          "private": "eyJlMmJmYjczMC1lY2FhLTExZTYtOGY4OC0zNDM2M2JjN2M0YzAiOnsiY3JlYXRlIjo2MDAwMDAwMDAwMDAsImRlbGV0ZSI6MTIwMDAwMDAwMDAwMCwidXBkYXRlIjo2MDAwMDAwMDAwMDB9LCJzY2hlbWFfdmVyc2lvbiI6IjEifQ==",
          "dependencies": [
            "aws_key_pair.key",
            "aws_security_group.common",
            "aws_security_group.ec2",
            "aws_subnet.public-subnets",
            "aws_vpc.vpc"
          ]
        }
      ]
    },
    {
      "mode": "managed",
      "type": "aws_internet_gateway",
      "name": "internet-gateway",
      "provider": "provider[\"registry.terraform.io/hashicorp/aws\"]",
      "instances": [
        {
          "schema_version": 0,
          "attributes": {
            "arn": "arn:aws:ec2:ap-northeast-1:482122962623:internet-gateway/igw-06747a7cbb2b7577b",
            "id": "igw-06747a7cbb2b7577b",
            "owner_id": "482122962623",
            "tags": {
              "Name": "example-stg-igw"
            },
            "tags_all": {
              "Name": "example-stg-igw"
            },
            "timeouts": null,
            "vpc_id": "vpc-024500cee28c7278e"
          },
          "sensitive_attributes": [],
          "private": "eyJlMmJmYjczMC1lY2FhLTExZTYtOGY4OC0zNDM2M2JjN2M0YzAiOnsiY3JlYXRlIjoxMjAwMDAwMDAwMDAwLCJkZWxldGUiOjEyMDAwMDAwMDAwMDAsInVwZGF0ZSI6MTIwMDAwMDAwMDAwMH19",
          "dependencies": [
            "aws_vpc.vpc"
          ]
        }
      ]
    },
    {
      "mode": "managed",
      "type": "aws_key_pair",
      "name": "key",
      "provider": "provider[\"registry.terraform.io/hashicorp/aws\"]",
      "instances": [
        {
          "schema_version": 1,
          "attributes": {
            "arn": "arn:aws:ec2:ap-northeast-1:482122962623:key-pair/example",
            "fingerprint": "dc:1f:93:e7:df:d7:5c:3b:5e:ea:b7:ad:30:69:32:4e",
            "id": "example",
            "key_name": "example",
            "key_name_prefix": "",
            "key_pair_id": "key-02d3c2a0967f9bc9d",
            "key_type": "rsa",
            "public_key": "ssh-rsa AAAAB3NzaC1yc2EAAAADAQABAAABgQC1z0H2liAVrxrTNsXOG05/UsxHVASOeFwsS2QLth9fboDrzreqQwrfwhtSNGtGtLlf8x36cgViYheuCs7/Ihzi5GWwHucf3BMUmwJGh6rxXLrxHlfw91+AwwBF4SEXD9okOB4aU/sd6mnSy5FGuzc7qN/Wy761JwEU6zfFVyZW2K10h/f5/UAI2c/h9oeXBdwZfLEK9DOPUu8xMXzbVbjX47uhO/BZXDUYZULHqs5BrF7XxLIF1gteTjsNudT2MsT6iB+mPeGmNzAfwLwo9HVWIpNxbGsyyHweZUK2xalbD+RXbjY+6+MzzsFUYZ4fBx0Df+a/PVybyOb3hJQw2TFiaS1nnyjCT1zSeT8HWJA3FIMCEdOjkfGC4pYOKKi44cX3D8xJOCIGd1CtiHQXglcIxcFB4mExIsxCboimNc66//S8wTjLoE65dAphu2ilCL0Z2SmzDYmJL2AKUBMsAEiDon5pnWO4FVZSiSe0GnLL+vOwK4tWjq7yfxaa+OEK+wM= shirasaka@ShirasakanoAir",
            "tags": null,
            "tags_all": {}
          },
          "sensitive_attributes": [],
          "private": "eyJzY2hlbWFfdmVyc2lvbiI6IjEifQ=="
        }
      ]
    },
    {
      "mode": "managed",
      "type": "aws_lb",
      "name": "alb",
      "provider": "provider[\"registry.terraform.io/hashicorp/aws\"]",
      "instances": [
        {
          "schema_version": 0,
          "attributes": {
            "access_logs": [
              {
                "bucket": "",
                "enabled": false,
                "prefix": ""
              }
            ],
            "arn": "arn:aws:elasticloadbalancing:ap-northeast-1:482122962623:loadbalancer/app/example-stg-alb/db03043db6dad790",
            "arn_suffix": "app/example-stg-alb/db03043db6dad790",
            "customer_owned_ipv4_pool": "",
            "desync_mitigation_mode": "defensive",
            "dns_name": "example-stg-alb-936865855.ap-northeast-1.elb.amazonaws.com",
            "drop_invalid_header_fields": false,
            "enable_cross_zone_load_balancing": true,
            "enable_deletion_protection": false,
            "enable_http2": true,
            "enable_waf_fail_open": false,
            "id": "arn:aws:elasticloadbalancing:ap-northeast-1:482122962623:loadbalancer/app/example-stg-alb/db03043db6dad790",
            "idle_timeout": 60,
            "internal": false,
            "ip_address_type": "ipv4",
            "load_balancer_type": "application",
            "name": "example-stg-alb",
            "name_prefix": null,
            "preserve_host_header": false,
            "security_groups": [
              "sg-0a0cdeb8b82e6f752"
            ],
            "subnet_mapping": [
              {
                "allocation_id": "",
                "ipv6_address": "",
                "outpost_id": "",
                "private_ipv4_address": "",
                "subnet_id": "subnet-0b3d044ba1b472c5b"
              },
              {
                "allocation_id": "",
                "ipv6_address": "",
                "outpost_id": "",
                "private_ipv4_address": "",
                "subnet_id": "subnet-0e455d15ab5e2d26a"
              }
            ],
            "subnets": [
              "subnet-0b3d044ba1b472c5b",
              "subnet-0e455d15ab5e2d26a"
            ],
            "tags": {
              "Name": "example-stg-alb"
            },
            "tags_all": {
              "Name": "example-stg-alb"
            },
            "timeouts": null,
            "vpc_id": "vpc-024500cee28c7278e",
            "zone_id": "Z14GRHDCWA56QT"
          },
          "sensitive_attributes": [],
          "private": "eyJlMmJmYjczMC1lY2FhLTExZTYtOGY4OC0zNDM2M2JjN2M0YzAiOnsiY3JlYXRlIjo2MDAwMDAwMDAwMDAsImRlbGV0ZSI6NjAwMDAwMDAwMDAwLCJ1cGRhdGUiOjYwMDAwMDAwMDAwMH19",
          "dependencies": [
            "aws_security_group.alb",
            "aws_subnet.public-subnets",
            "aws_vpc.vpc"
          ]
        }
      ]
    },
    {
      "mode": "managed",
      "type": "aws_lb_listener",
      "name": "alb-listener",
      "provider": "provider[\"registry.terraform.io/hashicorp/aws\"]",
      "instances": [
        {
          "schema_version": 0,
          "attributes": {
            "alpn_policy": null,
            "arn": "arn:aws:elasticloadbalancing:ap-northeast-1:482122962623:listener/app/example-stg-alb/db03043db6dad790/50fa2b04108b1594",
            "certificate_arn": null,
            "default_action": [
              {
                "authenticate_cognito": [],
                "authenticate_oidc": [],
                "fixed_response": [],
                "forward": [],
                "order": 1,
                "redirect": [],
                "target_group_arn": "arn:aws:elasticloadbalancing:ap-northeast-1:482122962623:targetgroup/example-stg-tg/b4d4cc73247e7083",
                "type": "forward"
              }
            ],
            "id": "arn:aws:elasticloadbalancing:ap-northeast-1:482122962623:listener/app/example-stg-alb/db03043db6dad790/50fa2b04108b1594",
            "load_balancer_arn": "arn:aws:elasticloadbalancing:ap-northeast-1:482122962623:loadbalancer/app/example-stg-alb/db03043db6dad790",
            "port": 80,
            "protocol": "HTTP",
            "ssl_policy": "",
            "tags": null,
            "tags_all": {},
            "timeouts": null
          },
          "sensitive_attributes": [],
          "private": "eyJlMmJmYjczMC1lY2FhLTExZTYtOGY4OC0zNDM2M2JjN2M0YzAiOnsicmVhZCI6NjAwMDAwMDAwMDAwfX0=",
          "dependencies": [
            "aws_lb.alb",
            "aws_lb_target_group.tg",
            "aws_security_group.alb",
            "aws_subnet.public-subnets",
            "aws_vpc.vpc"
          ]
        }
      ]
    },
    {
      "mode": "managed",
      "type": "aws_lb_target_group",
      "name": "tg",
      "provider": "provider[\"registry.terraform.io/hashicorp/aws\"]",
      "instances": [
        {
          "schema_version": 0,
          "attributes": {
            "arn": "arn:aws:elasticloadbalancing:ap-northeast-1:482122962623:targetgroup/example-stg-tg/b4d4cc73247e7083",
            "arn_suffix": "targetgroup/example-stg-tg/b4d4cc73247e7083",
            "connection_termination": false,
            "deregistration_delay": "300",
            "health_check": [
              {
                "enabled": true,
                "healthy_threshold": 5,
                "interval": 30,
                "matcher": "200",
                "path": "/",
                "port": "traffic-port",
                "protocol": "HTTP",
                "timeout": 5,
                "unhealthy_threshold": 5
              }
            ],
            "id": "arn:aws:elasticloadbalancing:ap-northeast-1:482122962623:targetgroup/example-stg-tg/b4d4cc73247e7083",
            "ip_address_type": "ipv4",
            "lambda_multi_value_headers_enabled": false,
            "load_balancing_algorithm_type": "round_robin",
            "name": "example-stg-tg",
            "name_prefix": null,
            "port": 80,
            "preserve_client_ip": null,
            "protocol": "HTTP",
            "protocol_version": "HTTP1",
            "proxy_protocol_v2": false,
            "slow_start": 0,
            "stickiness": [
              {
                "cookie_duration": 86400,
                "cookie_name": "",
                "enabled": false,
                "type": "lb_cookie"
              }
            ],
            "tags": {
              "Name": "example-stg-tg"
            },
            "tags_all": {
              "Name": "example-stg-tg"
            },
            "target_failover": [
              {
                "on_deregistration": null,
                "on_unhealthy": null
              }
            ],
            "target_type": "instance",
            "vpc_id": "vpc-024500cee28c7278e"
          },
          "sensitive_attributes": [],
          "private": "bnVsbA==",
          "dependencies": [
            "aws_vpc.vpc"
          ]
        }
      ]
    },
    {
      "mode": "managed",
      "type": "aws_lb_target_group_attachment",
      "name": "tg-to-ec2",
      "provider": "provider[\"registry.terraform.io/hashicorp/aws\"]",
      "instances": [
        {
          "index_key": "public-1a",
          "schema_version": 0,
          "attributes": {
            "availability_zone": null,
            "id": "arn:aws:elasticloadbalancing:ap-northeast-1:482122962623:targetgroup/example-stg-tg/b4d4cc73247e7083-20221220173855745300000007",
            "port": null,
            "target_group_arn": "arn:aws:elasticloadbalancing:ap-northeast-1:482122962623:targetgroup/example-stg-tg/b4d4cc73247e7083",
            "target_id": "i-06833a5b0eb42bb5e"
          },
          "sensitive_attributes": [],
          "private": "bnVsbA==",
          "dependencies": [
            "aws_instance.ec2-instance",
            "aws_key_pair.key",
            "aws_lb_target_group.tg",
            "aws_security_group.common",
            "aws_security_group.ec2",
            "aws_subnet.public-subnets",
            "aws_vpc.vpc"
          ]
        },
        {
          "index_key": "public-1c",
          "schema_version": 0,
          "attributes": {
            "availability_zone": null,
            "id": "arn:aws:elasticloadbalancing:ap-northeast-1:482122962623:targetgroup/example-stg-tg/b4d4cc73247e7083-20221220173855698600000006",
            "port": null,
            "target_group_arn": "arn:aws:elasticloadbalancing:ap-northeast-1:482122962623:targetgroup/example-stg-tg/b4d4cc73247e7083",
            "target_id": "i-0cfda7394e059622b"
          },
          "sensitive_attributes": [],
          "private": "bnVsbA==",
          "dependencies": [
            "aws_instance.ec2-instance",
            "aws_key_pair.key",
            "aws_lb_target_group.tg",
            "aws_security_group.common",
            "aws_security_group.ec2",
            "aws_subnet.public-subnets",
            "aws_vpc.vpc"
          ]
        }
      ]
    },
    {
      "mode": "managed",
      "type": "aws_route",
      "name": "public-internet-gateway",
      "provider": "provider[\"registry.terraform.io/hashicorp/aws\"]",
      "instances": [
        {
          "index_key": "public-1a",
          "schema_version": 0,
          "attributes": {
            "carrier_gateway_id": "",
            "core_network_arn": "",
            "destination_cidr_block": "0.0.0.0/0",
            "destination_ipv6_cidr_block": "",
            "destination_prefix_list_id": "",
            "egress_only_gateway_id": "",
            "gateway_id": "igw-06747a7cbb2b7577b",
            "id": "r-rtb-0ee5d5a14532091681080289494",
            "instance_id": "",
            "instance_owner_id": "",
            "local_gateway_id": "",
            "nat_gateway_id": "",
            "network_interface_id": "",
            "origin": "CreateRoute",
            "route_table_id": "rtb-0ee5d5a1453209168",
            "state": "active",
            "timeouts": null,
            "transit_gateway_id": "",
            "vpc_endpoint_id": "",
            "vpc_peering_connection_id": ""
          },
          "sensitive_attributes": [],
          "private": "eyJlMmJmYjczMC1lY2FhLTExZTYtOGY4OC0zNDM2M2JjN2M0YzAiOnsiY3JlYXRlIjozMDAwMDAwMDAwMDAsImRlbGV0ZSI6MzAwMDAwMDAwMDAwLCJ1cGRhdGUiOjEyMDAwMDAwMDAwMH19",
          "dependencies": [
            "aws_internet_gateway.internet-gateway",
            "aws_route_table.public-route-tables",
            "aws_vpc.vpc"
          ]
        },
        {
          "index_key": "public-1c",
          "schema_version": 0,
          "attributes": {
            "carrier_gateway_id": "",
            "core_network_arn": "",
            "destination_cidr_block": "0.0.0.0/0",
            "destination_ipv6_cidr_block": "",
            "destination_prefix_list_id": "",
            "egress_only_gateway_id": "",
            "gateway_id": "igw-06747a7cbb2b7577b",
            "id": "r-rtb-06244bf043c040a701080289494",
            "instance_id": "",
            "instance_owner_id": "",
            "local_gateway_id": "",
            "nat_gateway_id": "",
            "network_interface_id": "",
            "origin": "CreateRoute",
            "route_table_id": "rtb-06244bf043c040a70",
            "state": "active",
            "timeouts": null,
            "transit_gateway_id": "",
            "vpc_endpoint_id": "",
            "vpc_peering_connection_id": ""
          },
          "sensitive_attributes": [],
          "private": "eyJlMmJmYjczMC1lY2FhLTExZTYtOGY4OC0zNDM2M2JjN2M0YzAiOnsiY3JlYXRlIjozMDAwMDAwMDAwMDAsImRlbGV0ZSI6MzAwMDAwMDAwMDAwLCJ1cGRhdGUiOjEyMDAwMDAwMDAwMH19",
          "dependencies": [
            "aws_internet_gateway.internet-gateway",
            "aws_route_table.public-route-tables",
            "aws_vpc.vpc"
          ]
        }
      ]
    },
    {
      "mode": "managed",
      "type": "aws_route_table",
      "name": "private-route-tables",
      "provider": "provider[\"registry.terraform.io/hashicorp/aws\"]",
      "instances": [
        {
          "index_key": "private-1a",
          "schema_version": 0,
          "attributes": {
            "arn": "arn:aws:ec2:ap-northeast-1:482122962623:route-table/rtb-0d96093be4e606395",
            "id": "rtb-0d96093be4e606395",
            "owner_id": "482122962623",
            "propagating_vgws": [],
            "route": [],
            "tags": {
              "Name": "example-stg-private-rtb"
            },
            "tags_all": {
              "Name": "example-stg-private-rtb"
            },
            "timeouts": null,
            "vpc_id": "vpc-024500cee28c7278e"
          },
          "sensitive_attributes": [],
          "private": "eyJlMmJmYjczMC1lY2FhLTExZTYtOGY4OC0zNDM2M2JjN2M0YzAiOnsiY3JlYXRlIjozMDAwMDAwMDAwMDAsImRlbGV0ZSI6MzAwMDAwMDAwMDAwLCJ1cGRhdGUiOjEyMDAwMDAwMDAwMH19",
          "dependencies": [
            "aws_vpc.vpc"
          ]
        },
        {
          "index_key": "private-1c",
          "schema_version": 0,
          "attributes": {
            "arn": "arn:aws:ec2:ap-northeast-1:482122962623:route-table/rtb-0d45de14de2e0de16",
            "id": "rtb-0d45de14de2e0de16",
            "owner_id": "482122962623",
            "propagating_vgws": [],
            "route": [],
            "tags": {
              "Name": "example-stg-private-rtb"
            },
            "tags_all": {
              "Name": "example-stg-private-rtb"
            },
            "timeouts": null,
            "vpc_id": "vpc-024500cee28c7278e"
          },
          "sensitive_attributes": [],
          "private": "eyJlMmJmYjczMC1lY2FhLTExZTYtOGY4OC0zNDM2M2JjN2M0YzAiOnsiY3JlYXRlIjozMDAwMDAwMDAwMDAsImRlbGV0ZSI6MzAwMDAwMDAwMDAwLCJ1cGRhdGUiOjEyMDAwMDAwMDAwMH19",
          "dependencies": [
            "aws_vpc.vpc"
          ]
        }
      ]
    },
    {
      "mode": "managed",
      "type": "aws_route_table",
      "name": "public-route-tables",
      "provider": "provider[\"registry.terraform.io/hashicorp/aws\"]",
      "instances": [
        {
          "index_key": "public-1a",
          "schema_version": 0,
          "attributes": {
            "arn": "arn:aws:ec2:ap-northeast-1:482122962623:route-table/rtb-0ee5d5a1453209168",
            "id": "rtb-0ee5d5a1453209168",
            "owner_id": "482122962623",
            "propagating_vgws": [],
            "route": [],
            "tags": {
              "Name": "example-stg-public-rtb"
            },
            "tags_all": {
              "Name": "example-stg-public-rtb"
            },
            "timeouts": null,
            "vpc_id": "vpc-024500cee28c7278e"
          },
          "sensitive_attributes": [],
          "private": "eyJlMmJmYjczMC1lY2FhLTExZTYtOGY4OC0zNDM2M2JjN2M0YzAiOnsiY3JlYXRlIjozMDAwMDAwMDAwMDAsImRlbGV0ZSI6MzAwMDAwMDAwMDAwLCJ1cGRhdGUiOjEyMDAwMDAwMDAwMH19",
          "dependencies": [
            "aws_vpc.vpc"
          ]
        },
        {
          "index_key": "public-1c",
          "schema_version": 0,
          "attributes": {
            "arn": "arn:aws:ec2:ap-northeast-1:482122962623:route-table/rtb-06244bf043c040a70",
            "id": "rtb-06244bf043c040a70",
            "owner_id": "482122962623",
            "propagating_vgws": [],
            "route": [],
            "tags": {
              "Name": "example-stg-public-rtb"
            },
            "tags_all": {
              "Name": "example-stg-public-rtb"
            },
            "timeouts": null,
            "vpc_id": "vpc-024500cee28c7278e"
          },
          "sensitive_attributes": [],
          "private": "eyJlMmJmYjczMC1lY2FhLTExZTYtOGY4OC0zNDM2M2JjN2M0YzAiOnsiY3JlYXRlIjozMDAwMDAwMDAwMDAsImRlbGV0ZSI6MzAwMDAwMDAwMDAwLCJ1cGRhdGUiOjEyMDAwMDAwMDAwMH19",
          "dependencies": [
            "aws_vpc.vpc"
          ]
        }
      ]
    },
    {
      "mode": "managed",
      "type": "aws_route_table_association",
      "name": "private-route-tables-association",
      "provider": "provider[\"registry.terraform.io/hashicorp/aws\"]",
      "instances": [
        {
          "index_key": "private-1a",
          "schema_version": 0,
          "attributes": {
            "gateway_id": "",
            "id": "rtbassoc-016b0bdf2b9f72498",
            "route_table_id": "rtb-0d96093be4e606395",
            "subnet_id": "subnet-01bd3cf61fbca86ed"
          },
          "sensitive_attributes": [],
          "private": "bnVsbA==",
          "dependencies": [
            "aws_route_table.private-route-tables",
            "aws_subnet.private-subnets",
            "aws_vpc.vpc"
          ]
        },
        {
          "index_key": "private-1c",
          "schema_version": 0,
          "attributes": {
            "gateway_id": "",
            "id": "rtbassoc-0b8601aa134cc5893",
            "route_table_id": "rtb-0d45de14de2e0de16",
            "subnet_id": "subnet-0ce3118e7b68e12de"
          },
          "sensitive_attributes": [],
          "private": "bnVsbA==",
          "dependencies": [
            "aws_route_table.private-route-tables",
            "aws_subnet.private-subnets",
            "aws_vpc.vpc"
          ]
        }
      ]
    },
    {
      "mode": "managed",
      "type": "aws_route_table_association",
      "name": "public-route-tables-association",
      "provider": "provider[\"registry.terraform.io/hashicorp/aws\"]",
      "instances": [
        {
          "index_key": "public-1a",
          "schema_version": 0,
          "attributes": {
            "gateway_id": "",
            "id": "rtbassoc-0a6e52f20c5d80b5f",
            "route_table_id": "rtb-0ee5d5a1453209168",
            "subnet_id": "subnet-0b3d044ba1b472c5b"
          },
          "sensitive_attributes": [],
          "private": "bnVsbA==",
          "dependencies": [
            "aws_route_table.public-route-tables",
            "aws_subnet.public-subnets",
            "aws_vpc.vpc"
          ]
        },
        {
          "index_key": "public-1c",
          "schema_version": 0,
          "attributes": {
            "gateway_id": "",
            "id": "rtbassoc-0a0f88f71011f6b78",
            "route_table_id": "rtb-06244bf043c040a70",
            "subnet_id": "subnet-0e455d15ab5e2d26a"
          },
          "sensitive_attributes": [],
          "private": "bnVsbA==",
          "dependencies": [
            "aws_route_table.public-route-tables",
            "aws_subnet.public-subnets",
            "aws_vpc.vpc"
          ]
        }
      ]
    },
    {
      "mode": "managed",
      "type": "aws_security_group",
      "name": "alb",
      "provider": "provider[\"registry.terraform.io/hashicorp/aws\"]",
      "instances": [
        {
          "schema_version": 1,
          "attributes": {
            "arn": "arn:aws:ec2:ap-northeast-1:482122962623:security-group/sg-0a0cdeb8b82e6f752",
            "description": "Managed by Terraform",
            "egress": [
              {
                "cidr_blocks": [
                  "0.0.0.0/0"
                ],
                "description": "",
                "from_port": 0,
                "ipv6_cidr_blocks": [],
                "prefix_list_ids": [],
                "protocol": "-1",
                "security_groups": [],
                "self": false,
                "to_port": 0
              }
            ],
            "id": "sg-0a0cdeb8b82e6f752",
            "ingress": [
              {
                "cidr_blocks": [
                  "0.0.0.0/0"
                ],
                "description": "",
                "from_port": 80,
                "ipv6_cidr_blocks": [],
                "prefix_list_ids": [],
                "protocol": "tcp",
                "security_groups": [],
                "self": false,
                "to_port": 80
              }
            ],
            "name": "terraform-20221220173839822200000001",
            "name_prefix": "terraform-",
            "owner_id": "482122962623",
            "revoke_rules_on_delete": false,
            "tags": {
              "Name": "example-stg-alb-sg"
            },
            "tags_all": {
              "Name": "example-stg-alb-sg"
            },
            "timeouts": null,
            "vpc_id": "vpc-024500cee28c7278e"
          },
          "sensitive_attributes": [],
          "private": "eyJlMmJmYjczMC1lY2FhLTExZTYtOGY4OC0zNDM2M2JjN2M0YzAiOnsiY3JlYXRlIjo2MDAwMDAwMDAwMDAsImRlbGV0ZSI6OTAwMDAwMDAwMDAwfSwic2NoZW1hX3ZlcnNpb24iOiIxIn0=",
          "dependencies": [
            "aws_vpc.vpc"
          ]
        }
      ]
    },
    {
      "mode": "managed",
      "type": "aws_security_group",
      "name": "common",
      "provider": "provider[\"registry.terraform.io/hashicorp/aws\"]",
      "instances": [
        {
          "schema_version": 1,
          "attributes": {
            "arn": "arn:aws:ec2:ap-northeast-1:482122962623:security-group/sg-0f7a24240ecf93ebe",
            "description": "Managed by Terraform",
            "egress": [],
            "id": "sg-0f7a24240ecf93ebe",
            "ingress": [
              {
                "cidr_blocks": [
                  "10.0.0.0/16"
                ],
                "description": "",
                "from_port": 0,
                "ipv6_cidr_blocks": [],
                "prefix_list_ids": [],
                "protocol": "-1",
                "security_groups": [],
                "self": false,
                "to_port": 0
              }
            ],
            "name": "terraform-20221220173840463500000003",
            "name_prefix": "terraform-",
            "owner_id": "482122962623",
            "revoke_rules_on_delete": false,
            "tags": {
              "Name": "example-stg-common-sg"
            },
            "tags_all": {
              "Name": "example-stg-common-sg"
            },
            "timeouts": null,
            "vpc_id": "vpc-024500cee28c7278e"
          },
          "sensitive_attributes": [],
          "private": "eyJlMmJmYjczMC1lY2FhLTExZTYtOGY4OC0zNDM2M2JjN2M0YzAiOnsiY3JlYXRlIjo2MDAwMDAwMDAwMDAsImRlbGV0ZSI6OTAwMDAwMDAwMDAwfSwic2NoZW1hX3ZlcnNpb24iOiIxIn0=",
          "dependencies": [
            "aws_vpc.vpc"
          ]
        }
      ]
    },
    {
      "mode": "managed",
      "type": "aws_security_group",
      "name": "ec2",
      "provider": "provider[\"registry.terraform.io/hashicorp/aws\"]",
      "instances": [
        {
          "schema_version": 1,
          "attributes": {
            "arn": "arn:aws:ec2:ap-northeast-1:482122962623:security-group/sg-0d6698194c312191a",
            "description": "Managed by Terraform",
            "egress": [
              {
                "cidr_blocks": [
                  "0.0.0.0/0"
                ],
                "description": "",
                "from_port": 0,
                "ipv6_cidr_blocks": [],
                "prefix_list_ids": [],
                "protocol": "-1",
                "security_groups": [],
                "self": false,
                "to_port": 0
              }
            ],
            "id": "sg-0d6698194c312191a",
            "ingress": [
              {
                "cidr_blocks": [
                  "119.229.192.95/32"
                ],
                "description": "",
                "from_port": 22,
                "ipv6_cidr_blocks": [],
                "prefix_list_ids": [],
                "protocol": "tcp",
                "security_groups": [],
                "self": false,
                "to_port": 22
              }
            ],
            "name": "terraform-20221220173840456400000002",
            "name_prefix": "terraform-",
            "owner_id": "482122962623",
            "revoke_rules_on_delete": false,
            "tags": {
              "Name": "example-stg-ec2-sg"
            },
            "tags_all": {
              "Name": "example-stg-ec2-sg"
            },
            "timeouts": null,
            "vpc_id": "vpc-024500cee28c7278e"
          },
          "sensitive_attributes": [],
          "private": "eyJlMmJmYjczMC1lY2FhLTExZTYtOGY4OC0zNDM2M2JjN2M0YzAiOnsiY3JlYXRlIjo2MDAwMDAwMDAwMDAsImRlbGV0ZSI6OTAwMDAwMDAwMDAwfSwic2NoZW1hX3ZlcnNpb24iOiIxIn0=",
          "dependencies": [
            "aws_vpc.vpc"
          ]
        }
      ]
    },
    {
      "mode": "managed",
      "type": "aws_subnet",
      "name": "private-subnets",
      "provider": "provider[\"registry.terraform.io/hashicorp/aws\"]",
      "instances": [
        {
          "index_key": "private-1a",
          "schema_version": 1,
          "attributes": {
            "arn": "arn:aws:ec2:ap-northeast-1:482122962623:subnet/subnet-01bd3cf61fbca86ed",
            "assign_ipv6_address_on_creation": false,
            "availability_zone": "ap-northeast-1a",
            "availability_zone_id": "apne1-az4",
            "cidr_block": "10.0.20.0/24",
            "customer_owned_ipv4_pool": "",
            "enable_dns64": false,
            "enable_resource_name_dns_a_record_on_launch": false,
            "enable_resource_name_dns_aaaa_record_on_launch": false,
            "id": "subnet-01bd3cf61fbca86ed",
            "ipv6_cidr_block": "",
            "ipv6_cidr_block_association_id": "",
            "ipv6_native": false,
            "map_customer_owned_ip_on_launch": false,
            "map_public_ip_on_launch": false,
            "outpost_arn": "",
            "owner_id": "482122962623",
            "private_dns_hostname_type_on_launch": "ip-name",
            "tags": {
              "Name": "example-stg-private-1a"
            },
            "tags_all": {
              "Name": "example-stg-private-1a"
            },
            "timeouts": null,
            "vpc_id": "vpc-024500cee28c7278e"
          },
          "sensitive_attributes": [],
          "private": "eyJlMmJmYjczMC1lY2FhLTExZTYtOGY4OC0zNDM2M2JjN2M0YzAiOnsiY3JlYXRlIjo2MDAwMDAwMDAwMDAsImRlbGV0ZSI6MTIwMDAwMDAwMDAwMH0sInNjaGVtYV92ZXJzaW9uIjoiMSJ9",
          "dependencies": [
            "aws_vpc.vpc"
          ]
        },
        {
          "index_key": "private-1c",
          "schema_version": 1,
          "attributes": {
            "arn": "arn:aws:ec2:ap-northeast-1:482122962623:subnet/subnet-0ce3118e7b68e12de",
            "assign_ipv6_address_on_creation": false,
            "availability_zone": "ap-northeast-1c",
            "availability_zone_id": "apne1-az1",
            "cidr_block": "10.0.40.0/24",
            "customer_owned_ipv4_pool": "",
            "enable_dns64": false,
            "enable_resource_name_dns_a_record_on_launch": false,
            "enable_resource_name_dns_aaaa_record_on_launch": false,
            "id": "subnet-0ce3118e7b68e12de",
            "ipv6_cidr_block": "",
            "ipv6_cidr_block_association_id": "",
            "ipv6_native": false,
            "map_customer_owned_ip_on_launch": false,
            "map_public_ip_on_launch": false,
            "outpost_arn": "",
            "owner_id": "482122962623",
            "private_dns_hostname_type_on_launch": "ip-name",
            "tags": {
              "Name": "example-stg-private-1c"
            },
            "tags_all": {
              "Name": "example-stg-private-1c"
            },
            "timeouts": null,
            "vpc_id": "vpc-024500cee28c7278e"
          },
          "sensitive_attributes": [],
          "private": "eyJlMmJmYjczMC1lY2FhLTExZTYtOGY4OC0zNDM2M2JjN2M0YzAiOnsiY3JlYXRlIjo2MDAwMDAwMDAwMDAsImRlbGV0ZSI6MTIwMDAwMDAwMDAwMH0sInNjaGVtYV92ZXJzaW9uIjoiMSJ9",
          "dependencies": [
            "aws_vpc.vpc"
          ]
        }
      ]
    },
    {
      "mode": "managed",
      "type": "aws_subnet",
      "name": "public-subnets",
      "provider": "provider[\"registry.terraform.io/hashicorp/aws\"]",
      "instances": [
        {
          "index_key": "public-1a",
          "schema_version": 1,
          "attributes": {
            "arn": "arn:aws:ec2:ap-northeast-1:482122962623:subnet/subnet-0b3d044ba1b472c5b",
            "assign_ipv6_address_on_creation": false,
            "availability_zone": "ap-northeast-1a",
            "availability_zone_id": "apne1-az4",
            "cidr_block": "10.0.10.0/24",
            "customer_owned_ipv4_pool": "",
            "enable_dns64": false,
            "enable_resource_name_dns_a_record_on_launch": false,
            "enable_resource_name_dns_aaaa_record_on_launch": false,
            "id": "subnet-0b3d044ba1b472c5b",
            "ipv6_cidr_block": "",
            "ipv6_cidr_block_association_id": "",
            "ipv6_native": false,
            "map_customer_owned_ip_on_launch": false,
            "map_public_ip_on_launch": false,
            "outpost_arn": "",
            "owner_id": "482122962623",
            "private_dns_hostname_type_on_launch": "ip-name",
            "tags": {
              "Name": "example-stg-public-1a"
            },
            "tags_all": {
              "Name": "example-stg-public-1a"
            },
            "timeouts": null,
            "vpc_id": "vpc-024500cee28c7278e"
          },
          "sensitive_attributes": [],
          "private": "eyJlMmJmYjczMC1lY2FhLTExZTYtOGY4OC0zNDM2M2JjN2M0YzAiOnsiY3JlYXRlIjo2MDAwMDAwMDAwMDAsImRlbGV0ZSI6MTIwMDAwMDAwMDAwMH0sInNjaGVtYV92ZXJzaW9uIjoiMSJ9",
          "dependencies": [
            "aws_vpc.vpc"
          ]
        },
        {
          "index_key": "public-1c",
          "schema_version": 1,
          "attributes": {
            "arn": "arn:aws:ec2:ap-northeast-1:482122962623:subnet/subnet-0e455d15ab5e2d26a",
            "assign_ipv6_address_on_creation": false,
            "availability_zone": "ap-northeast-1c",
            "availability_zone_id": "apne1-az1",
            "cidr_block": "10.0.30.0/24",
            "customer_owned_ipv4_pool": "",
            "enable_dns64": false,
            "enable_resource_name_dns_a_record_on_launch": false,
            "enable_resource_name_dns_aaaa_record_on_launch": false,
            "id": "subnet-0e455d15ab5e2d26a",
            "ipv6_cidr_block": "",
            "ipv6_cidr_block_association_id": "",
            "ipv6_native": false,
            "map_customer_owned_ip_on_launch": false,
            "map_public_ip_on_launch": false,
            "outpost_arn": "",
            "owner_id": "482122962623",
            "private_dns_hostname_type_on_launch": "ip-name",
            "tags": {
              "Name": "example-stg-public-1c"
            },
            "tags_all": {
              "Name": "example-stg-public-1c"
            },
            "timeouts": null,
            "vpc_id": "vpc-024500cee28c7278e"
          },
          "sensitive_attributes": [],
          "private": "eyJlMmJmYjczMC1lY2FhLTExZTYtOGY4OC0zNDM2M2JjN2M0YzAiOnsiY3JlYXRlIjo2MDAwMDAwMDAwMDAsImRlbGV0ZSI6MTIwMDAwMDAwMDAwMH0sInNjaGVtYV92ZXJzaW9uIjoiMSJ9",
          "dependencies": [
            "aws_vpc.vpc"
          ]
        }
      ]
    },
    {
      "mode": "managed",
      "type": "aws_vpc",
      "name": "vpc",
      "provider": "provider[\"registry.terraform.io/hashicorp/aws\"]",
      "instances": [
        {
          "schema_version": 1,
          "attributes": {
            "arn": "arn:aws:ec2:ap-northeast-1:482122962623:vpc/vpc-024500cee28c7278e",
            "assign_generated_ipv6_cidr_block": false,
            "cidr_block": "10.0.0.0/16",
            "default_network_acl_id": "acl-0897e52683a6a768b",
            "default_route_table_id": "rtb-0ca32b30858573e3b",
            "default_security_group_id": "sg-06c831c59f2d741d9",
            "dhcp_options_id": "dopt-b56543d2",
            "enable_classiclink": false,
            "enable_classiclink_dns_support": false,
            "enable_dns_hostnames": true,
            "enable_dns_support": true,
            "enable_network_address_usage_metrics": false,
            "id": "vpc-024500cee28c7278e",
            "instance_tenancy": "default",
            "ipv4_ipam_pool_id": null,
            "ipv4_netmask_length": null,
            "ipv6_association_id": "",
            "ipv6_cidr_block": "",
            "ipv6_cidr_block_network_border_group": "",
            "ipv6_ipam_pool_id": "",
            "ipv6_netmask_length": 0,
            "main_route_table_id": "rtb-0ca32b30858573e3b",
            "owner_id": "482122962623",
            "tags": {
              "Name": "example-stg-vpc"
            },
            "tags_all": {
              "Name": "example-stg-vpc"
            }
          },
          "sensitive_attributes": [],
          "private": "eyJzY2hlbWFfdmVyc2lvbiI6IjEifQ=="
        }
      ]
    }
  ]
}
